
Microsoft Visual Studio Solution File, Format Version 12.00
# Visual Studio 2012
Project("{FAE04EC0-301F-11D3-BF4B-00C04F79EFBC}") = "QL_overCSVfile", "QL_overCSVfile\QL_overCSVfile.csproj", "{FAE068B2-0746-44C7-8073-0639957A8DF3}"
EndProject
Global
	GlobalSection(SolutionConfigurationPlatforms) = preSolution
		Debug|Any CPU = Debug|Any CPU
		Release|Any CPU = Release|Any CPU
	EndGlobalSection
	GlobalSection(ProjectConfigurationPlatforms) = postSolution
		{FAE068B2-0746-44C7-8073-0639957A8DF3}.Debug|Any CPU.ActiveCfg = Debug|Any CPU
		{FAE068B2-0746-44C7-8073-0639957A8DF3}.Debug|Any CPU.Build.0 = Debug|Any CPU
		{FAE068B2-0746-44C7-8073-0639957A8DF3}.Release|Any CPU.ActiveCfg = Release|Any CPU
		{FAE068B2-0746-44C7-8073-0639957A8DF3}.Release|Any CPU.Build.0 = Release|Any CPU
	EndGlobalSection
	GlobalSection(SolutionProperties) = preSolution
		HideSolutionNode = FALSE
	EndGlobalSection
EndGlobal
